
Microsoft Visual Studio Solution File, Format Version 12.00
# Visual Studio 14
VisualStudioVersion = 14.0.24720.0
MinimumVisualStudioVersion = 10.0.40219.1
Project("{FAE04EC0-301F-11D3-BF4B-00C04F79EFBC}") = "DotNetAutoCAD", "DotNetAutoCAD\DotNetAutoCAD.csproj", "{B5D53D73-D1CB-4809-91D1-43A00C04C54B}"
EndProject
Project("{FAE04EC0-301F-11D3-BF4B-00C04F79EFBC}") = "DotNetAutoCAD.Command", "CommandHelloWorld\DotNetAutoCAD.Command.csproj", "{91BA4B22-CCB7-4BE5-8100-F6BA29271B19}"
EndProject
Project("{FAE04EC0-301F-11D3-BF4B-00C04F79EFBC}") = "DotNetAutoCAD.NetLoadEx", "NetLoadEx\DotNetAutoCAD.NetLoadEx.csproj", "{2B19340E-B5B5-44D1-B923-100116FA34EB}"
EndProject
Project("{FAE04EC0-301F-11D3-BF4B-00C04F79EFBC}") = "ConsoleApplication2", "ConsoleApplication2\ConsoleApplication2.csproj", "{29BE61AA-DDF1-44A8-9E10-372DC1CC15D2}"
EndProject
Project("{FAE04EC0-301F-11D3-BF4B-00C04F79EFBC}") = "RegistryTools", "RegistryTools\RegistryTools.csproj", "{75080575-7B09-495F-B686-1E4C7725728D}"
EndProject
Global
	GlobalSection(SolutionConfigurationPlatforms) = preSolution
		Debug|Any CPU = Debug|Any CPU
		Release|Any CPU = Release|Any CPU
	EndGlobalSection
	GlobalSection(ProjectConfigurationPlatforms) = postSolution
		{B5D53D73-D1CB-4809-91D1-43A00C04C54B}.Debug|Any CPU.ActiveCfg = Debug|Any CPU
		{B5D53D73-D1CB-4809-91D1-43A00C04C54B}.Debug|Any CPU.Build.0 = Debug|Any CPU
		{B5D53D73-D1CB-4809-91D1-43A00C04C54B}.Release|Any CPU.ActiveCfg = Release|Any CPU
		{B5D53D73-D1CB-4809-91D1-43A00C04C54B}.Release|Any CPU.Build.0 = Release|Any CPU
		{91BA4B22-CCB7-4BE5-8100-F6BA29271B19}.Debug|Any CPU.ActiveCfg = Debug|Any CPU
		{91BA4B22-CCB7-4BE5-8100-F6BA29271B19}.Debug|Any CPU.Build.0 = Debug|Any CPU
		{91BA4B22-CCB7-4BE5-8100-F6BA29271B19}.Release|Any CPU.ActiveCfg = Release|Any CPU
		{91BA4B22-CCB7-4BE5-8100-F6BA29271B19}.Release|Any CPU.Build.0 = Release|Any CPU
		{2B19340E-B5B5-44D1-B923-100116FA34EB}.Debug|Any CPU.ActiveCfg = Debug|Any CPU
		{2B19340E-B5B5-44D1-B923-100116FA34EB}.Debug|Any CPU.Build.0 = Debug|Any CPU
		{2B19340E-B5B5-44D1-B923-100116FA34EB}.Release|Any CPU.ActiveCfg = Release|Any CPU
		{2B19340E-B5B5-44D1-B923-100116FA34EB}.Release|Any CPU.Build.0 = Release|Any CPU
		{29BE61AA-DDF1-44A8-9E10-372DC1CC15D2}.Debug|Any CPU.ActiveCfg = Debug|Any CPU
		{29BE61AA-DDF1-44A8-9E10-372DC1CC15D2}.Debug|Any CPU.Build.0 = Debug|Any CPU
		{29BE61AA-DDF1-44A8-9E10-372DC1CC15D2}.Release|Any CPU.ActiveCfg = Release|Any CPU
		{29BE61AA-DDF1-44A8-9E10-372DC1CC15D2}.Release|Any CPU.Build.0 = Release|Any CPU
		{75080575-7B09-495F-B686-1E4C7725728D}.Debug|Any CPU.ActiveCfg = Debug|Any CPU
		{75080575-7B09-495F-B686-1E4C7725728D}.Debug|Any CPU.Build.0 = Debug|Any CPU
		{75080575-7B09-495F-B686-1E4C7725728D}.Release|Any CPU.ActiveCfg = Release|Any CPU
		{75080575-7B09-495F-B686-1E4C7725728D}.Release|Any CPU.Build.0 = Release|Any CPU
	EndGlobalSection
	GlobalSection(SolutionProperties) = preSolution
		HideSolutionNode = FALSE
	EndGlobalSection
EndGlobal
